{
  "name": ".myvimrc",
  "lockfileVersion": 3,
  "requires": true,
  "packages": {
    "": {
      "dependencies": {
        "npm-version": "^1.1.0"
      },
      "version": "0.0.2"
    },
    "node_modules/npm-version": {
      "version": "1.1.0",
      "resolved": "https://registry.npmjs.org/npm-version/-/npm-version-1.1.0.tgz",
      "integrity": "sha512-Fu4YHKSfwZKPlrTv+ddvBzWPo/pQprR/GSA9ttRW684LbsxucF3RxIxl29H5YUpONfZVzuXcoJy03ZxigLnHDA==",
      "dependencies": {
        "semver": "^3.0.1"
      }
    },
    "node_modules/semver": {
      "version": "3.0.1",
      "resolved": "https://registry.npmjs.org/semver/-/semver-3.0.1.tgz",
      "integrity": "sha512-MrF9mHWFtD/0eV4t3IheoXnGWTdw17axm5xqzOWyPsOMVnTtRAZT6uwPwslQXH5SsiaBLiMuu8NX8DtXWZfDwg==",
      "bin": {
        "semver": "bin/semver"
      }
    }
  },
  "version": "0.0.2"
}
